
Microsoft Visual Studio Solution File, Format Version 12.00
# Visual Studio Version 17
VisualStudioVersion = 17.13.35806.99
MinimumVisualStudioVersion = 10.0.40219.1
Project("{2150E333-8FDC-42A3-9474-1A3956D46DE8}") = "Core", "Core", "{02EA681E-C7D8-13C7-8484-4AC65E1B71E8}"
EndProject
Project("{2150E333-8FDC-42A3-9474-1A3956D46DE8}") = "Presentation", "Presentation", "{3E9088F4-5B88-40C8-A8D9-FAE8144A169F}"
EndProject
Project("{2150E333-8FDC-42A3-9474-1A3956D46DE8}") = "Infrastructure", "Infrastructure", "{3293779E-43D7-4FDC-A870-C9065C85BBC2}"
EndProject
Project("{FAE04EC0-301F-11D3-BF4B-00C04F79EFBC}") = "EndPoint", "EndPoint\EndPoint.csproj", "{09909965-8CC7-45F4-906A-C760106BB2D2}"
EndProject
Project("{FAE04EC0-301F-11D3-BF4B-00C04F79EFBC}") = "Domain", "Domain\Domain.csproj", "{82CC43AF-75B1-4EB0-9C91-6B487CC46F78}"
EndProject
Project("{FAE04EC0-301F-11D3-BF4B-00C04F79EFBC}") = "Persistance", "Persistance\Persistance.csproj", "{8125FE33-6053-43DE-B6F0-79439C75DB64}"
EndProject
Project("{FAE04EC0-301F-11D3-BF4B-00C04F79EFBC}") = "Application", "Application\Application.csproj", "{A8B8ADDF-EB0E-462E-8C9C-7748E1298452}"
EndProject
Project("{2150E333-8FDC-42A3-9474-1A3956D46DE8}") = "Common", "Common", "{4923CFBB-1C3E-49F6-8259-1C4CA12664F8}"
EndProject
Project("{FAE04EC0-301F-11D3-BF4B-00C04F79EFBC}") = "Common", "Common\Common.csproj", "{1F28E63B-E8A9-4F51-A651-476ADD96992F}"
EndProject
Global
	GlobalSection(SolutionConfigurationPlatforms) = preSolution
		Debug|Any CPU = Debug|Any CPU
		Release|Any CPU = Release|Any CPU
	EndGlobalSection
	GlobalSection(ProjectConfigurationPlatforms) = postSolution
		{09909965-8CC7-45F4-906A-C760106BB2D2}.Debug|Any CPU.ActiveCfg = Debug|Any CPU
		{09909965-8CC7-45F4-906A-C760106BB2D2}.Debug|Any CPU.Build.0 = Debug|Any CPU
		{09909965-8CC7-45F4-906A-C760106BB2D2}.Release|Any CPU.ActiveCfg = Release|Any CPU
		{09909965-8CC7-45F4-906A-C760106BB2D2}.Release|Any CPU.Build.0 = Release|Any CPU
		{82CC43AF-75B1-4EB0-9C91-6B487CC46F78}.Debug|Any CPU.ActiveCfg = Debug|Any CPU
		{82CC43AF-75B1-4EB0-9C91-6B487CC46F78}.Debug|Any CPU.Build.0 = Debug|Any CPU
		{82CC43AF-75B1-4EB0-9C91-6B487CC46F78}.Release|Any CPU.ActiveCfg = Release|Any CPU
		{82CC43AF-75B1-4EB0-9C91-6B487CC46F78}.Release|Any CPU.Build.0 = Release|Any CPU
		{8125FE33-6053-43DE-B6F0-79439C75DB64}.Debug|Any CPU.ActiveCfg = Debug|Any CPU
		{8125FE33-6053-43DE-B6F0-79439C75DB64}.Debug|Any CPU.Build.0 = Debug|Any CPU
		{8125FE33-6053-43DE-B6F0-79439C75DB64}.Release|Any CPU.ActiveCfg = Release|Any CPU
		{8125FE33-6053-43DE-B6F0-79439C75DB64}.Release|Any CPU.Build.0 = Release|Any CPU
		{A8B8ADDF-EB0E-462E-8C9C-7748E1298452}.Debug|Any CPU.ActiveCfg = Debug|Any CPU
		{A8B8ADDF-EB0E-462E-8C9C-7748E1298452}.Debug|Any CPU.Build.0 = Debug|Any CPU
		{A8B8ADDF-EB0E-462E-8C9C-7748E1298452}.Release|Any CPU.ActiveCfg = Release|Any CPU
		{A8B8ADDF-EB0E-462E-8C9C-7748E1298452}.Release|Any CPU.Build.0 = Release|Any CPU
		{1F28E63B-E8A9-4F51-A651-476ADD96992F}.Debug|Any CPU.ActiveCfg = Debug|Any CPU
		{1F28E63B-E8A9-4F51-A651-476ADD96992F}.Debug|Any CPU.Build.0 = Debug|Any CPU
		{1F28E63B-E8A9-4F51-A651-476ADD96992F}.Release|Any CPU.ActiveCfg = Release|Any CPU
		{1F28E63B-E8A9-4F51-A651-476ADD96992F}.Release|Any CPU.Build.0 = Release|Any CPU
	EndGlobalSection
	GlobalSection(SolutionProperties) = preSolution
		HideSolutionNode = FALSE
	EndGlobalSection
	GlobalSection(NestedProjects) = preSolution
		{09909965-8CC7-45F4-906A-C760106BB2D2} = {3E9088F4-5B88-40C8-A8D9-FAE8144A169F}
		{82CC43AF-75B1-4EB0-9C91-6B487CC46F78} = {02EA681E-C7D8-13C7-8484-4AC65E1B71E8}
		{8125FE33-6053-43DE-B6F0-79439C75DB64} = {3293779E-43D7-4FDC-A870-C9065C85BBC2}
		{A8B8ADDF-EB0E-462E-8C9C-7748E1298452} = {02EA681E-C7D8-13C7-8484-4AC65E1B71E8}
		{1F28E63B-E8A9-4F51-A651-476ADD96992F} = {4923CFBB-1C3E-49F6-8259-1C4CA12664F8}
	EndGlobalSection
	GlobalSection(ExtensibilityGlobals) = postSolution
		SolutionGuid = {9BA54190-0AD2-4880-BF79-A0661454C9F6}
	EndGlobalSection
EndGlobal
